
Microsoft Visual Studio Solution File, Format Version 12.00
# Visual Studio Version 17
VisualStudioVersion = 17.3.32825.248
MinimumVisualStudioVersion = 10.0.40219.1
Project("{FAE04EC0-301F-11D3-BF4B-00C04F79EFBC}") = "REWE-eBon-Parser", "REWE-eBon-Parser\REWE-eBon-Parser.csproj", "{741C4256-454C-4E95-8BC2-C902D3DC9A1E}"
EndProject
Global
	GlobalSection(SolutionConfigurationPlatforms) = preSolution
		Debug|Any CPU = Debug|Any CPU
		Release|Any CPU = Release|Any CPU
	EndGlobalSection
	GlobalSection(ProjectConfigurationPlatforms) = postSolution
		{741C4256-454C-4E95-8BC2-C902D3DC9A1E}.Debug|Any CPU.ActiveCfg = Debug|Any CPU
		{741C4256-454C-4E95-8BC2-C902D3DC9A1E}.Debug|Any CPU.Build.0 = Debug|Any CPU
		{741C4256-454C-4E95-8BC2-C902D3DC9A1E}.Release|Any CPU.ActiveCfg = Release|Any CPU
		{741C4256-454C-4E95-8BC2-C902D3DC9A1E}.Release|Any CPU.Build.0 = Release|Any CPU
	EndGlobalSection
	GlobalSection(SolutionProperties) = preSolution
		HideSolutionNode = FALSE
	EndGlobalSection
	GlobalSection(ExtensibilityGlobals) = postSolution
		SolutionGuid = {7C9AE228-6549-4279-ACFC-73EAACFEDFF9}
	EndGlobalSection
EndGlobal
